{
  "name": "8bitswiser-react",
  "lockfileVersion": 3,
  "requires": true,
  "packages": {
    "": {
      "dependencies": {
        "create-cloudflare": "^2.30.1"
      }
    },
    "node_modules/create-cloudflare": {
      "version": "2.30.1",
      "resolved": "https://registry.npmjs.org/create-cloudflare/-/create-cloudflare-2.30.1.tgz",
      "integrity": "sha512-pE4rtCx+RA/iUTtEQrxJjRIPeTtfM8kznDb5wnNw8LepJhPC/JSewdqkDulmnST349goxGDMwqCO3NH+MoFqLA==",
      "license": "MIT OR Apache-2.0",
      "bin": {
        "create-cloudflare": "dist/cli.js"
      },
      "engines": {
        "node": ">=18.14.1"
      }
    }
  }
}
